
Microsoft Visual Studio Solution File, Format Version 12.00
# Visual Studio Version 17
VisualStudioVersion = 17.10.35122.118
MinimumVisualStudioVersion = 10.0.40219.1
Project("{FAE04EC0-301F-11D3-BF4B-00C04F79EFBC}") = "Dadada", "Dadada\Dadada.csproj", "{FBDD07BC-13E0-4CAD-B0FB-95C2837DDB82}"
EndProject
Global
	GlobalSection(SolutionConfigurationPlatforms) = preSolution
		Debug|Any CPU = Debug|Any CPU
		Release|Any CPU = Release|Any CPU
	EndGlobalSection
	GlobalSection(ProjectConfigurationPlatforms) = postSolution
		{FBDD07BC-13E0-4CAD-B0FB-95C2837DDB82}.Debug|Any CPU.ActiveCfg = Debug|Any CPU
		{FBDD07BC-13E0-4CAD-B0FB-95C2837DDB82}.Debug|Any CPU.Build.0 = Debug|Any CPU
		{FBDD07BC-13E0-4CAD-B0FB-95C2837DDB82}.Release|Any CPU.ActiveCfg = Release|Any CPU
		{FBDD07BC-13E0-4CAD-B0FB-95C2837DDB82}.Release|Any CPU.Build.0 = Release|Any CPU
	EndGlobalSection
	GlobalSection(SolutionProperties) = preSolution
		HideSolutionNode = FALSE
	EndGlobalSection
	GlobalSection(ExtensibilityGlobals) = postSolution
		SolutionGuid = {BD1F8CB9-F176-4879-BDDA-F0BF36642A55}
	EndGlobalSection
EndGlobal
